
Microsoft Visual Studio Solution File, Format Version 12.00
# Visual Studio Version 17
VisualStudioVersion = 17.12.35506.116
MinimumVisualStudioVersion = 10.0.40219.1
Project("{FAE04EC0-301F-11D3-BF4B-00C04F79EFBC}") = "OliverScheer.PatternsAndPractices.CodingThings", "OliverScheer.PatternsAndPractices.CodingThings\OliverScheer.PatternsAndPractices.CodingThings.csproj", "{EE6550BC-BE87-4CA3-91DA-35B4627D3281}"
EndProject
Project("{FAE04EC0-301F-11D3-BF4B-00C04F79EFBC}") = "OliverScheer.Samples.PeriodicElementNameGenerator", "OliverScheer.Samples.PeriodicElementNameGenerator\OliverScheer.Samples.PeriodicElementNameGenerator.csproj", "{AFDEF655-8F7D-4FCD-AFA3-082C513026F4}"
EndProject
Project("{FAE04EC0-301F-11D3-BF4B-00C04F79EFBC}") = "OliverScheer.Samples.Benchmarks", "OliverScheer.Samples.Benchmarks\OliverScheer.Samples.Benchmarks.csproj", "{17B92C8C-B9D0-4101-A5CC-A573672F8CF4}"
EndProject
Global
	GlobalSection(SolutionConfigurationPlatforms) = preSolution
		Debug|Any CPU = Debug|Any CPU
		Release|Any CPU = Release|Any CPU
	EndGlobalSection
	GlobalSection(ProjectConfigurationPlatforms) = postSolution
		{EE6550BC-BE87-4CA3-91DA-35B4627D3281}.Debug|Any CPU.ActiveCfg = Debug|Any CPU
		{EE6550BC-BE87-4CA3-91DA-35B4627D3281}.Debug|Any CPU.Build.0 = Debug|Any CPU
		{EE6550BC-BE87-4CA3-91DA-35B4627D3281}.Release|Any CPU.ActiveCfg = Release|Any CPU
		{EE6550BC-BE87-4CA3-91DA-35B4627D3281}.Release|Any CPU.Build.0 = Release|Any CPU
		{AFDEF655-8F7D-4FCD-AFA3-082C513026F4}.Debug|Any CPU.ActiveCfg = Debug|Any CPU
		{AFDEF655-8F7D-4FCD-AFA3-082C513026F4}.Debug|Any CPU.Build.0 = Debug|Any CPU
		{AFDEF655-8F7D-4FCD-AFA3-082C513026F4}.Release|Any CPU.ActiveCfg = Release|Any CPU
		{AFDEF655-8F7D-4FCD-AFA3-082C513026F4}.Release|Any CPU.Build.0 = Release|Any CPU
		{17B92C8C-B9D0-4101-A5CC-A573672F8CF4}.Debug|Any CPU.ActiveCfg = Debug|Any CPU
		{17B92C8C-B9D0-4101-A5CC-A573672F8CF4}.Debug|Any CPU.Build.0 = Debug|Any CPU
		{17B92C8C-B9D0-4101-A5CC-A573672F8CF4}.Release|Any CPU.ActiveCfg = Release|Any CPU
		{17B92C8C-B9D0-4101-A5CC-A573672F8CF4}.Release|Any CPU.Build.0 = Release|Any CPU
	EndGlobalSection
	GlobalSection(SolutionProperties) = preSolution
		HideSolutionNode = FALSE
	EndGlobalSection
EndGlobal
